
Microsoft Visual Studio Solution File, Format Version 12.00
# Visual Studio 15
VisualStudioVersion = 15.0.27703.2047
MinimumVisualStudioVersion = 10.0.40219.1
Project("{FAE04EC0-301F-11D3-BF4B-00C04F79EFBC}") = "Address book", "view\Address book.csproj", "{B7D129C0-24F4-493F-906F-E48DB0399A82}"
EndProject
Project("{FAE04EC0-301F-11D3-BF4B-00C04F79EFBC}") = "model", "model\model.csproj", "{671EC620-3027-4F62-A46E-FDFE64CEEBAC}"
EndProject
Project("{FAE04EC0-301F-11D3-BF4B-00C04F79EFBC}") = "SampleConsoleApplication", "SampleConsoleApplication\SampleConsoleApplication.csproj", "{92D4EB1E-F9C9-471B-86D0-8841F55A1C1C}"
EndProject
Global
	GlobalSection(SolutionConfigurationPlatforms) = preSolution
		Debug|Any CPU = Debug|Any CPU
		Release|Any CPU = Release|Any CPU
	EndGlobalSection
	GlobalSection(ProjectConfigurationPlatforms) = postSolution
		{B7D129C0-24F4-493F-906F-E48DB0399A82}.Debug|Any CPU.ActiveCfg = Debug|Any CPU
		{B7D129C0-24F4-493F-906F-E48DB0399A82}.Debug|Any CPU.Build.0 = Debug|Any CPU
		{B7D129C0-24F4-493F-906F-E48DB0399A82}.Release|Any CPU.ActiveCfg = Release|Any CPU
		{B7D129C0-24F4-493F-906F-E48DB0399A82}.Release|Any CPU.Build.0 = Release|Any CPU
		{671EC620-3027-4F62-A46E-FDFE64CEEBAC}.Debug|Any CPU.ActiveCfg = Debug|Any CPU
		{671EC620-3027-4F62-A46E-FDFE64CEEBAC}.Debug|Any CPU.Build.0 = Debug|Any CPU
		{671EC620-3027-4F62-A46E-FDFE64CEEBAC}.Release|Any CPU.ActiveCfg = Release|Any CPU
		{671EC620-3027-4F62-A46E-FDFE64CEEBAC}.Release|Any CPU.Build.0 = Release|Any CPU
		{92D4EB1E-F9C9-471B-86D0-8841F55A1C1C}.Debug|Any CPU.ActiveCfg = Debug|Any CPU
		{92D4EB1E-F9C9-471B-86D0-8841F55A1C1C}.Debug|Any CPU.Build.0 = Debug|Any CPU
		{92D4EB1E-F9C9-471B-86D0-8841F55A1C1C}.Release|Any CPU.ActiveCfg = Release|Any CPU
		{92D4EB1E-F9C9-471B-86D0-8841F55A1C1C}.Release|Any CPU.Build.0 = Release|Any CPU
	EndGlobalSection
	GlobalSection(SolutionProperties) = preSolution
		HideSolutionNode = FALSE
	EndGlobalSection
	GlobalSection(ExtensibilityGlobals) = postSolution
		SolutionGuid = {0BF7E99F-8F77-4BB2-A7E0-C23AAFF0450F}
	EndGlobalSection
EndGlobal
